// !$*UTF8*$!
{
	archiveVersion = 1;
	classes = {
	};
	objectVersion = 56;
	objects = {

/* Begin PBXBuildFile section */
		13D1454F7426199256818425 /* libPods-CashBault.a in Frameworks */ = {isa = PBXBuildFile; fileRef = CBDC47B1C3F898EF9988BA7C /* libPods-CashBault.a */; };
		FA0DE9C32BE00AEA00E49343 /* Localizable.strings in Resources */ = {isa = PBXBuildFile; fileRef = FA0DE9C12BE00AEA00E49343 /* Localizable.strings */; };
		FA0DE9C72BE00F4900E49343 /* Strings+Generated.swift in Sources */ = {isa = PBXBuildFile; fileRef = FA0DE9C52BE00F4900E49343 /* Strings+Generated.swift */; };
		FA3C18282BE162F50080F474 /* AccountsModel.swift in Sources */ = {isa = PBXBuildFile; fileRef = FA3C18272BE162F50080F474 /* AccountsModel.swift */; };
		FA3C182B2BE168800080F474 /* LoginView.swift in Sources */ = {isa = PBXBuildFile; fileRef = FA3C182A2BE1687F0080F474 /* LoginView.swift */; };
		FAB2487F2BDFF0D700D21514 /* CashBaultApp.swift in Sources */ = {isa = PBXBuildFile; fileRef = FAB2487E2BDFF0D700D21514 /* CashBaultApp.swift */; };
		FAB248812BDFF0D700D21514 /* ContentView.swift in Sources */ = {isa = PBXBuildFile; fileRef = FAB248802BDFF0D700D21514 /* ContentView.swift */; };
		FAB248832BDFF0DD00D21514 /* Assets.xcassets in Resources */ = {isa = PBXBuildFile; fileRef = FAB248822BDFF0DD00D21514 /* Assets.xcassets */; };
		FAB248B02BDFF59E00D21514 /* AppState.swift in Sources */ = {isa = PBXBuildFile; fileRef = FAB248AF2BDFF59E00D21514 /* AppState.swift */; };
		FAB248B52BDFF69000D21514 /* AppTabView.swift in Sources */ = {isa = PBXBuildFile; fileRef = FAB248B42BDFF69000D21514 /* AppTabView.swift */; };
		FAB248B82BDFF6C700D21514 /* Constants.swift in Sources */ = {isa = PBXBuildFile; fileRef = FAB248B72BDFF6C700D21514 /* Constants.swift */; };
		FAB248BD2BDFF7FE00D21514 /* HomeView.swift in Sources */ = {isa = PBXBuildFile; fileRef = FAB248BC2BDFF7FE00D21514 /* HomeView.swift */; };
		FAB248BF2BDFF80700D21514 /* FinanceView.swift in Sources */ = {isa = PBXBuildFile; fileRef = FAB248BE2BDFF80700D21514 /* FinanceView.swift */; };
		FAB248C12BDFF81400D21514 /* ExploreView.swift in Sources */ = {isa = PBXBuildFile; fileRef = FAB248C02BDFF81400D21514 /* ExploreView.swift */; };
		FAB248C32BDFF81F00D21514 /* CardsView.swift in Sources */ = {isa = PBXBuildFile; fileRef = FAB248C22BDFF81F00D21514 /* CardsView.swift */; };
/* End PBXBuildFile section */

/* Begin PBXFileReference section */
		96F0CE600238B9580D251032 /* Pods-CashBault.debug.xcconfig */ = {isa = PBXFileReference; includeInIndex = 1; lastKnownFileType = text.xcconfig; name = "Pods-CashBault.debug.xcconfig"; path = "Target Support Files/Pods-CashBault/Pods-CashBault.debug.xcconfig"; sourceTree = "<group>"; };
		BEA1C6633A287F0254F03A17 /* Pods-CashBault.release.xcconfig */ = {isa = PBXFileReference; includeInIndex = 1; lastKnownFileType = text.xcconfig; name = "Pods-CashBault.release.xcconfig"; path = "Target Support Files/Pods-CashBault/Pods-CashBault.release.xcconfig"; sourceTree = "<group>"; };
		CBDC47B1C3F898EF9988BA7C /* libPods-CashBault.a */ = {isa = PBXFileReference; explicitFileType = archive.ar; includeInIndex = 0; path = "libPods-CashBault.a"; sourceTree = BUILT_PRODUCTS_DIR; };
		FA0DE9C02BE0069E00E49343 /* Podfile */ = {isa = PBXFileReference; lastKnownFileType = text; path = Podfile; sourceTree = "<group>"; };
		FA0DE9C22BE00AEA00E49343 /* en */ = {isa = PBXFileReference; lastKnownFileType = text.plist.strings; name = en; path = en.lproj/Localizable.strings; sourceTree = "<group>"; };
		FA0DE9C42BE00B0D00E49343 /* es */ = {isa = PBXFileReference; lastKnownFileType = text.plist.strings; name = es; path = es.lproj/Localizable.strings; sourceTree = "<group>"; };
		FA0DE9C52BE00F4900E49343 /* Strings+Generated.swift */ = {isa = PBXFileReference; fileEncoding = 4; lastKnownFileType = sourcecode.swift; path = "Strings+Generated.swift"; sourceTree = "<group>"; };
		FA3C18272BE162F50080F474 /* AccountsModel.swift */ = {isa = PBXFileReference; lastKnownFileType = sourcecode.swift; path = AccountsModel.swift; sourceTree = "<group>"; };
		FA3C182A2BE1687F0080F474 /* LoginView.swift */ = {isa = PBXFileReference; lastKnownFileType = sourcecode.swift; path = LoginView.swift; sourceTree = "<group>"; };
		FAB2487B2BDFF0D700D21514 /* CashBault.app */ = {isa = PBXFileReference; explicitFileType = wrapper.application; includeInIndex = 0; path = CashBault.app; sourceTree = BUILT_PRODUCTS_DIR; };
		FAB2487E2BDFF0D700D21514 /* CashBaultApp.swift */ = {isa = PBXFileReference; lastKnownFileType = sourcecode.swift; path = CashBaultApp.swift; sourceTree = "<group>"; };
		FAB248802BDFF0D700D21514 /* ContentView.swift */ = {isa = PBXFileReference; lastKnownFileType = sourcecode.swift; path = ContentView.swift; sourceTree = "<group>"; };
		FAB248822BDFF0DD00D21514 /* Assets.xcassets */ = {isa = PBXFileReference; lastKnownFileType = folder.assetcatalog; path = Assets.xcassets; sourceTree = "<group>"; };
		FAB248A92BDFF42E00D21514 /* README.md */ = {isa = PBXFileReference; lastKnownFileType = net.daringfireball.markdown; path = README.md; sourceTree = "<group>"; };
		FAB248AF2BDFF59E00D21514 /* AppState.swift */ = {isa = PBXFileReference; lastKnownFileType = sourcecode.swift; path = AppState.swift; sourceTree = "<group>"; };
		FAB248B42BDFF69000D21514 /* AppTabView.swift */ = {isa = PBXFileReference; lastKnownFileType = sourcecode.swift; path = AppTabView.swift; sourceTree = "<group>"; };
		FAB248B72BDFF6C700D21514 /* Constants.swift */ = {isa = PBXFileReference; lastKnownFileType = sourcecode.swift; path = Constants.swift; sourceTree = "<group>"; };
		FAB248BC2BDFF7FE00D21514 /* HomeView.swift */ = {isa = PBXFileReference; lastKnownFileType = sourcecode.swift; path = HomeView.swift; sourceTree = "<group>"; };
		FAB248BE2BDFF80700D21514 /* FinanceView.swift */ = {isa = PBXFileReference; lastKnownFileType = sourcecode.swift; path = FinanceView.swift; sourceTree = "<group>"; };
		FAB248C02BDFF81400D21514 /* ExploreView.swift */ = {isa = PBXFileReference; lastKnownFileType = sourcecode.swift; path = ExploreView.swift; sourceTree = "<group>"; };
		FAB248C22BDFF81F00D21514 /* CardsView.swift */ = {isa = PBXFileReference; lastKnownFileType = sourcecode.swift; path = CardsView.swift; sourceTree = "<group>"; };
/* End PBXFileReference section */

/* Begin PBXFrameworksBuildPhase section */
		FAB248782BDFF0D700D21514 /* Frameworks */ = {
			isa = PBXFrameworksBuildPhase;
			buildActionMask = 2147483647;
			files = (
				13D1454F7426199256818425 /* libPods-CashBault.a in Frameworks */,
			);
			runOnlyForDeploymentPostprocessing = 0;
		};
/* End PBXFrameworksBuildPhase section */

/* Begin PBXGroup section */
		57061F294F6A3CE411E7E8CC /* Frameworks */ = {
			isa = PBXGroup;
			children = (
				CBDC47B1C3F898EF9988BA7C /* libPods-CashBault.a */,
			);
			name = Frameworks;
			sourceTree = "<group>";
		};
		727FCAFA85C28C5D61C9B07B /* Pods */ = {
			isa = PBXGroup;
			children = (
				96F0CE600238B9580D251032 /* Pods-CashBault.debug.xcconfig */,
				BEA1C6633A287F0254F03A17 /* Pods-CashBault.release.xcconfig */,
			);
			path = Pods;
			sourceTree = "<group>";
		};
		FA0DE9C62BE00F4900E49343 /* Generated */ = {
			isa = PBXGroup;
			children = (
				FA0DE9C52BE00F4900E49343 /* Strings+Generated.swift */,
			);
			path = Generated;
			sourceTree = "<group>";
		};
		FA3C18292BE168650080F474 /* Login */ = {
			isa = PBXGroup;
			children = (
				FA3C182A2BE1687F0080F474 /* LoginView.swift */,
			);
			path = Login;
			sourceTree = "<group>";
		};
		FAB248722BDFF0D700D21514 = {
			isa = PBXGroup;
			children = (
				FA0DE9C02BE0069E00E49343 /* Podfile */,
				FAB248A92BDFF42E00D21514 /* README.md */,
				FAB2487D2BDFF0D700D21514 /* CashBault */,
				FAB2487C2BDFF0D700D21514 /* Products */,
				727FCAFA85C28C5D61C9B07B /* Pods */,
				57061F294F6A3CE411E7E8CC /* Frameworks */,
			);
			sourceTree = "<group>";
		};
		FAB2487C2BDFF0D700D21514 /* Products */ = {
			isa = PBXGroup;
			children = (
				FAB2487B2BDFF0D700D21514 /* CashBault.app */,
			);
			name = Products;
			sourceTree = "<group>";
		};
		FAB2487D2BDFF0D700D21514 /* CashBault */ = {
			isa = PBXGroup;
			children = (
				FAB2487E2BDFF0D700D21514 /* CashBaultApp.swift */,
				FAB248AE2BDFF4E200D21514 /* Views */,
				FAB248AA2BDFF45E00D21514 /* Components */,
				FAB248AC2BDFF49400D21514 /* Styles */,
				FAB248AD2BDFF4A500D21514 /* Models */,
				FAB248AB2BDFF47F00D21514 /* Resources */,
			);
			path = CashBault;
			sourceTree = "<group>";
		};
		FAB248AA2BDFF45E00D21514 /* Components */ = {
			isa = PBXGroup;
			children = (
				FAB248B32BDFF67A00D21514 /* Tab */,
			);
			path = Components;
			sourceTree = "<group>";
		};
		FAB248AB2BDFF47F00D21514 /* Resources */ = {
			isa = PBXGroup;
			children = (
				FA0DE9C62BE00F4900E49343 /* Generated */,
				FAB248822BDFF0DD00D21514 /* Assets.xcassets */,
				FA0DE9C12BE00AEA00E49343 /* Localizable.strings */,
			);
			path = Resources;
			sourceTree = "<group>";
		};
		FAB248AC2BDFF49400D21514 /* Styles */ = {
			isa = PBXGroup;
			children = (
			);
			path = Styles;
			sourceTree = "<group>";
		};
		FAB248AD2BDFF4A500D21514 /* Models */ = {
			isa = PBXGroup;
			children = (
				FAB248B62BDFF6B700D21514 /* Shared */,
				FA3C18272BE162F50080F474 /* AccountsModel.swift */,
			);
			path = Models;
			sourceTree = "<group>";
		};
		FAB248AE2BDFF4E200D21514 /* Views */ = {
			isa = PBXGroup;
			children = (
				FAB248802BDFF0D700D21514 /* ContentView.swift */,
				FA3C18292BE168650080F474 /* Login */,
				FAB248B12BDFF60D00D21514 /* Splash */,
				FAB248B22BDFF61800D21514 /* Home */,
				FAB248B92BDFF7B800D21514 /* Finance */,
				FAB248BA2BDFF7CF00D21514 /* Explore */,
				FAB248BB2BDFF7DB00D21514 /* Cards */,
			);
			path = Views;
			sourceTree = "<group>";
		};
		FAB248B12BDFF60D00D21514 /* Splash */ = {
			isa = PBXGroup;
			children = (
			);
			path = Splash;
			sourceTree = "<group>";
		};
		FAB248B22BDFF61800D21514 /* Home */ = {
			isa = PBXGroup;
			children = (
				FAB248BC2BDFF7FE00D21514 /* HomeView.swift */,
			);
			path = Home;
			sourceTree = "<group>";
		};
		FAB248B32BDFF67A00D21514 /* Tab */ = {
			isa = PBXGroup;
			children = (
				FAB248B42BDFF69000D21514 /* AppTabView.swift */,
			);
			path = Tab;
			sourceTree = "<group>";
		};
		FAB248B62BDFF6B700D21514 /* Shared */ = {
			isa = PBXGroup;
			children = (
				FAB248AF2BDFF59E00D21514 /* AppState.swift */,
				FAB248B72BDFF6C700D21514 /* Constants.swift */,
			);
			path = Shared;
			sourceTree = "<group>";
		};
		FAB248B92BDFF7B800D21514 /* Finance */ = {
			isa = PBXGroup;
			children = (
				FAB248BE2BDFF80700D21514 /* FinanceView.swift */,
			);
			path = Finance;
			sourceTree = "<group>";
		};
		FAB248BA2BDFF7CF00D21514 /* Explore */ = {
			isa = PBXGroup;
			children = (
				FAB248C02BDFF81400D21514 /* ExploreView.swift */,
			);
			path = Explore;
			sourceTree = "<group>";
		};
		FAB248BB2BDFF7DB00D21514 /* Cards */ = {
			isa = PBXGroup;
			children = (
				FAB248C22BDFF81F00D21514 /* CardsView.swift */,
			);
			path = Cards;
			sourceTree = "<group>";
		};
/* End PBXGroup section */

/* Begin PBXNativeTarget section */
		FAB2487A2BDFF0D700D21514 /* CashBault */ = {
			isa = PBXNativeTarget;
			buildConfigurationList = FAB248A02BDFF0DD00D21514 /* Build configuration list for PBXNativeTarget "CashBault" */;
			buildPhases = (
				0EA81FDE67C5BC2A4C61AC4C /* [CP] Check Pods Manifest.lock */,
				FAB248772BDFF0D700D21514 /* Sources */,
				FAB248782BDFF0D700D21514 /* Frameworks */,
				FAB248792BDFF0D700D21514 /* Resources */,
				FA0DE9BF2BE003D100E49343 /* ShellScript */,
			);
			buildRules = (
			);
			dependencies = (
			);
			name = CashBault;
			productName = CashBault;
			productReference = FAB2487B2BDFF0D700D21514 /* CashBault.app */;
			productType = "com.apple.product-type.application";
		};
/* End PBXNativeTarget section */

/* Begin PBXProject section */
		FAB248732BDFF0D700D21514 /* Project object */ = {
			isa = PBXProject;
			attributes = {
				BuildIndependentTargetsInParallel = 1;
				LastSwiftUpdateCheck = 1530;
				LastUpgradeCheck = 1530;
				TargetAttributes = {
					FAB2487A2BDFF0D700D21514 = {
						CreatedOnToolsVersion = 15.3;
					};
				};
			};
			buildConfigurationList = FAB248762BDFF0D700D21514 /* Build configuration list for PBXProject "CashBault" */;
			compatibilityVersion = "Xcode 14.0";
			developmentRegion = en;
			hasScannedForEncodings = 0;
			knownRegions = (
				en,
				Base,
				es,
			);
			mainGroup = FAB248722BDFF0D700D21514;
			productRefGroup = FAB2487C2BDFF0D700D21514 /* Products */;
			projectDirPath = "";
			projectRoot = "";
			targets = (
				FAB2487A2BDFF0D700D21514 /* CashBault */,
			);
		};
/* End PBXProject section */

/* Begin PBXResourcesBuildPhase section */
		FAB248792BDFF0D700D21514 /* Resources */ = {
			isa = PBXResourcesBuildPhase;
			buildActionMask = 2147483647;
			files = (
				FAB248832BDFF0DD00D21514 /* Assets.xcassets in Resources */,
				FA0DE9C32BE00AEA00E49343 /* Localizable.strings in Resources */,
			);
			runOnlyForDeploymentPostprocessing = 0;
		};
/* End PBXResourcesBuildPhase section */

/* Begin PBXShellScriptBuildPhase section */
		0EA81FDE67C5BC2A4C61AC4C /* [CP] Check Pods Manifest.lock */ = {
			isa = PBXShellScriptBuildPhase;
			buildActionMask = 2147483647;
			files = (
			);
			inputFileListPaths = (
			);
			inputPaths = (
				"${PODS_PODFILE_DIR_PATH}/Podfile.lock",
				"${PODS_ROOT}/Manifest.lock",
			);
			name = "[CP] Check Pods Manifest.lock";
			outputFileListPaths = (
			);
			outputPaths = (
				"$(DERIVED_FILE_DIR)/Pods-CashBault-checkManifestLockResult.txt",
			);
			runOnlyForDeploymentPostprocessing = 0;
			shellPath = /bin/sh;
			shellScript = "diff \"${PODS_PODFILE_DIR_PATH}/Podfile.lock\" \"${PODS_ROOT}/Manifest.lock\" > /dev/null\nif [ $? != 0 ] ; then\n    # print error to STDERR\n    echo \"error: The sandbox is not in sync with the Podfile.lock. Run 'pod install' or update your CocoaPods installation.\" >&2\n    exit 1\nfi\n# This output is used by Xcode 'outputs' to avoid re-running this script phase.\necho \"SUCCESS\" > \"${SCRIPT_OUTPUT_FILE_0}\"\n";
			showEnvVarsInLog = 0;
		};
		FA0DE9BF2BE003D100E49343 /* ShellScript */ = {
			isa = PBXShellScriptBuildPhase;
			buildActionMask = 2147483647;
			files = (
			);
			inputFileListPaths = (
			);
			inputPaths = (
			);
			outputFileListPaths = (
			);
			outputPaths = (
			);
			runOnlyForDeploymentPostprocessing = 0;
			shellPath = /bin/sh;
			shellScript = "# Type a script or drag a script file from your workspace to insert its path.\n\"${PROJECT_DIR}/Pods/SwiftGen/bin/swiftgen\"\n";
		};
/* End PBXShellScriptBuildPhase section */

/* Begin PBXSourcesBuildPhase section */
		FAB248772BDFF0D700D21514 /* Sources */ = {
			isa = PBXSourcesBuildPhase;
			buildActionMask = 2147483647;
			files = (
				FA0DE9C72BE00F4900E49343 /* Strings+Generated.swift in Sources */,
				FAB248B82BDFF6C700D21514 /* Constants.swift in Sources */,
				FAB248B02BDFF59E00D21514 /* AppState.swift in Sources */,
				FAB248812BDFF0D700D21514 /* ContentView.swift in Sources */,
				FAB248C32BDFF81F00D21514 /* CardsView.swift in Sources */,
				FAB248BF2BDFF80700D21514 /* FinanceView.swift in Sources */,
				FA3C182B2BE168800080F474 /* LoginView.swift in Sources */,
				FAB248BD2BDFF7FE00D21514 /* HomeView.swift in Sources */,
				FAB248B52BDFF69000D21514 /* AppTabView.swift in Sources */,
				FAB248C12BDFF81400D21514 /* ExploreView.swift in Sources */,
				FA3C18282BE162F50080F474 /* AccountsModel.swift in Sources */,
				FAB2487F2BDFF0D700D21514 /* CashBaultApp.swift in Sources */,
			);
			runOnlyForDeploymentPostprocessing = 0;
		};
/* End PBXSourcesBuildPhase section */

/* Begin PBXVariantGroup section */
		FA0DE9C12BE00AEA00E49343 /* Localizable.strings */ = {
			isa = PBXVariantGroup;
			children = (
				FA0DE9C22BE00AEA00E49343 /* en */,
				FA0DE9C42BE00B0D00E49343 /* es */,
			);
			name = Localizable.strings;
			sourceTree = "<group>";
		};
/* End PBXVariantGroup section */

/* Begin XCBuildConfiguration section */
		FAB2489E2BDFF0DD00D21514 /* Debug */ = {
			isa = XCBuildConfiguration;
			buildSettings = {
				ALWAYS_SEARCH_USER_PATHS = NO;
				ASSETCATALOG_COMPILER_GENERATE_SWIFT_ASSET_SYMBOL_EXTENSIONS = YES;
				CLANG_ANALYZER_NONNULL = YES;
				CLANG_ANALYZER_NUMBER_OBJECT_CONVERSION = YES_AGGRESSIVE;
				CLANG_CXX_LANGUAGE_STANDARD = "gnu++20";
				CLANG_ENABLE_MODULES = YES;
				CLANG_ENABLE_OBJC_ARC = YES;
				CLANG_ENABLE_OBJC_WEAK = YES;
				CLANG_WARN_BLOCK_CAPTURE_AUTORELEASING = YES;
				CLANG_WARN_BOOL_CONVERSION = YES;
				CLANG_WARN_COMMA = YES;
				CLANG_WARN_CONSTANT_CONVERSION = YES;
				CLANG_WARN_DEPRECATED_OBJC_IMPLEMENTATIONS = YES;
				CLANG_WARN_DIRECT_OBJC_ISA_USAGE = YES_ERROR;
				CLANG_WARN_DOCUMENTATION_COMMENTS = YES;
				CLANG_WARN_EMPTY_BODY = YES;
				CLANG_WARN_ENUM_CONVERSION = YES;
				CLANG_WARN_INFINITE_RECURSION = YES;
				CLANG_WARN_INT_CONVERSION = YES;
				CLANG_WARN_NON_LITERAL_NULL_CONVERSION = YES;
				CLANG_WARN_OBJC_IMPLICIT_RETAIN_SELF = YES;
				CLANG_WARN_OBJC_LITERAL_CONVERSION = YES;
				CLANG_WARN_OBJC_ROOT_CLASS = YES_ERROR;
				CLANG_WARN_QUOTED_INCLUDE_IN_FRAMEWORK_HEADER = YES;
				CLANG_WARN_RANGE_LOOP_ANALYSIS = YES;
				CLANG_WARN_STRICT_PROTOTYPES = YES;
				CLANG_WARN_SUSPICIOUS_MOVE = YES;
				CLANG_WARN_UNGUARDED_AVAILABILITY = YES_AGGRESSIVE;
				CLANG_WARN_UNREACHABLE_CODE = YES;
				CLANG_WARN__DUPLICATE_METHOD_MATCH = YES;
				CODE_SIGN_INJECT_BASE_ENTITLEMENTS = YES;
				COPY_PHASE_STRIP = NO;
				DEBUG_INFORMATION_FORMAT = dwarf;
				ENABLE_STRICT_OBJC_MSGSEND = YES;
				ENABLE_TESTABILITY = YES;
				ENABLE_USER_SCRIPT_SANDBOXING = YES;
				GCC_C_LANGUAGE_STANDARD = gnu17;
				GCC_DYNAMIC_NO_PIC = NO;
				GCC_NO_COMMON_BLOCKS = YES;
				GCC_OPTIMIZATION_LEVEL = 0;
				GCC_PREPROCESSOR_DEFINITIONS = (
					"DEBUG=1",
					"$(inherited)",
				);
				GCC_WARN_64_TO_32_BIT_CONVERSION = YES;
				GCC_WARN_ABOUT_RETURN_TYPE = YES_ERROR;
				GCC_WARN_UNDECLARED_SELECTOR = YES;
				GCC_WARN_UNINITIALIZED_AUTOS = YES_AGGRESSIVE;
				GCC_WARN_UNUSED_FUNCTION = YES;
				GCC_WARN_UNUSED_VARIABLE = YES;
				LOCALIZATION_PREFERS_STRING_CATALOGS = YES;
				MTL_ENABLE_DEBUG_INFO = INCLUDE_SOURCE;
				MTL_FAST_MATH = YES;
				ONLY_ACTIVE_ARCH = YES;
				SWIFT_ACTIVE_COMPILATION_CONDITIONS = "DEBUG $(inherited)";
				SWIFT_OPTIMIZATION_LEVEL = "-Onone";
			};
			name = Debug;
		};
		FAB2489F2BDFF0DD00D21514 /* Release */ = {
			isa = XCBuildConfiguration;
			buildSettings = {
				ALWAYS_SEARCH_USER_PATHS = NO;
				ASSETCATALOG_COMPILER_GENERATE_SWIFT_ASSET_SYMBOL_EXTENSIONS = YES;
				CLANG_ANALYZER_NONNULL = YES;
				CLANG_ANALYZER_NUMBER_OBJECT_CONVERSION = YES_AGGRESSIVE;
				CLANG_CXX_LANGUAGE_STANDARD = "gnu++20";
				CLANG_ENABLE_MODULES = YES;
				CLANG_ENABLE_OBJC_ARC = YES;
				CLANG_ENABLE_OBJC_WEAK = YES;
				CLANG_WARN_BLOCK_CAPTURE_AUTORELEASING = YES;
				CLANG_WARN_BOOL_CONVERSION = YES;
				CLANG_WARN_COMMA = YES;
				CLANG_WARN_CONSTANT_CONVERSION = YES;
				CLANG_WARN_DEPRECATED_OBJC_IMPLEMENTATIONS = YES;
				CLANG_WARN_DIRECT_OBJC_ISA_USAGE = YES_ERROR;
				CLANG_WARN_DOCUMENTATION_COMMENTS = YES;
				CLANG_WARN_EMPTY_BODY = YES;
				CLANG_WARN_ENUM_CONVERSION = YES;
				CLANG_WARN_INFINITE_RECURSION = YES;
				CLANG_WARN_INT_CONVERSION = YES;
				CLANG_WARN_NON_LITERAL_NULL_CONVERSION = YES;
				CLANG_WARN_OBJC_IMPLICIT_RETAIN_SELF = YES;
				CLANG_WARN_OBJC_LITERAL_CONVERSION = YES;
				CLANG_WARN_OBJC_ROOT_CLASS = YES_ERROR;
				CLANG_WARN_QUOTED_INCLUDE_IN_FRAMEWORK_HEADER = YES;
				CLANG_WARN_RANGE_LOOP_ANALYSIS = YES;
				CLANG_WARN_STRICT_PROTOTYPES = YES;
				CLANG_WARN_SUSPICIOUS_MOVE = YES;
				CLANG_WARN_UNGUARDED_AVAILABILITY = YES_AGGRESSIVE;
				CLANG_WARN_UNREACHABLE_CODE = YES;
				CLANG_WARN__DUPLICATE_METHOD_MATCH = YES;
				CODE_SIGN_INJECT_BASE_ENTITLEMENTS = YES;
				COPY_PHASE_STRIP = NO;
				DEBUG_INFORMATION_FORMAT = "dwarf-with-dsym";
				ENABLE_NS_ASSERTIONS = NO;
				ENABLE_STRICT_OBJC_MSGSEND = YES;
				ENABLE_USER_SCRIPT_SANDBOXING = YES;
				GCC_C_LANGUAGE_STANDARD = gnu17;
				GCC_NO_COMMON_BLOCKS = YES;
				GCC_WARN_64_TO_32_BIT_CONVERSION = YES;
				GCC_WARN_ABOUT_RETURN_TYPE = YES_ERROR;
				GCC_WARN_UNDECLARED_SELECTOR = YES;
				GCC_WARN_UNINITIALIZED_AUTOS = YES_AGGRESSIVE;
				GCC_WARN_UNUSED_FUNCTION = YES;
				GCC_WARN_UNUSED_VARIABLE = YES;
				LOCALIZATION_PREFERS_STRING_CATALOGS = YES;
				MTL_ENABLE_DEBUG_INFO = NO;
				MTL_FAST_MATH = YES;
				SWIFT_COMPILATION_MODE = wholemodule;
			};
			name = Release;
		};
		FAB248A12BDFF0DD00D21514 /* Debug */ = {
			isa = XCBuildConfiguration;
			baseConfigurationReference = 96F0CE600238B9580D251032 /* Pods-CashBault.debug.xcconfig */;
			buildSettings = {
				ASSETCATALOG_COMPILER_APPICON_NAME = AppIcon;
				ASSETCATALOG_COMPILER_GLOBAL_ACCENT_COLOR_NAME = AccentColor;
				CODE_SIGN_ENTITLEMENTS = "";
				CODE_SIGN_STYLE = Automatic;
				CURRENT_PROJECT_VERSION = 1;
				ENABLE_PREVIEWS = YES;
				ENABLE_USER_SCRIPT_SANDBOXING = NO;
				GENERATE_INFOPLIST_FILE = YES;
				INFOPLIST_KEY_CFBundleDisplayName = CashBault;
				INFOPLIST_KEY_LSApplicationCategoryType = "public.app-category.finance";
				"INFOPLIST_KEY_UIApplicationSceneManifest_Generation[sdk=iphoneos*]" = YES;
				"INFOPLIST_KEY_UIApplicationSceneManifest_Generation[sdk=iphonesimulator*]" = YES;
				"INFOPLIST_KEY_UIApplicationSupportsIndirectInputEvents[sdk=iphoneos*]" = YES;
				"INFOPLIST_KEY_UIApplicationSupportsIndirectInputEvents[sdk=iphonesimulator*]" = YES;
				"INFOPLIST_KEY_UILaunchScreen_Generation[sdk=iphoneos*]" = YES;
				"INFOPLIST_KEY_UILaunchScreen_Generation[sdk=iphonesimulator*]" = YES;
				"INFOPLIST_KEY_UIStatusBarStyle[sdk=iphoneos*]" = UIStatusBarStyleDefault;
				"INFOPLIST_KEY_UIStatusBarStyle[sdk=iphonesimulator*]" = UIStatusBarStyleDefault;
				INFOPLIST_KEY_UISupportedInterfaceOrientations = UIInterfaceOrientationPortrait;
				INFOPLIST_KEY_UISupportedInterfaceOrientations_iPad = "UIInterfaceOrientationLandscapeLeft UIInterfaceOrientationLandscapeRight UIInterfaceOrientationPortrait UIInterfaceOrientationPortraitUpsideDown";
				IPHONEOS_DEPLOYMENT_TARGET = 17.0;
				LD_RUNPATH_SEARCH_PATHS = "@executable_path/Frameworks";
				"LD_RUNPATH_SEARCH_PATHS[sdk=macosx*]" = "@executable_path/../Frameworks";
				MACOSX_DEPLOYMENT_TARGET = 14.2;
				MARKETING_VERSION = 1.0;
				PRODUCT_BUNDLE_IDENTIFIER = manuel.tirado.CashBault;
				PRODUCT_NAME = "$(TARGET_NAME)";
				SDKROOT = auto;
				SUPPORTED_PLATFORMS = "iphoneos iphonesimulator";
				SUPPORTS_MACCATALYST = NO;
				SWIFT_EMIT_LOC_STRINGS = YES;
				SWIFT_VERSION = 5.0;
				TARGETED_DEVICE_FAMILY = "1,2";
			};
			name = Debug;
		};
		FAB248A22BDFF0DD00D21514 /* Release */ = {
			isa = XCBuildConfiguration;
			baseConfigurationReference = BEA1C6633A287F0254F03A17 /* Pods-CashBault.release.xcconfig */;
			buildSettings = {
				ASSETCATALOG_COMPILER_APPICON_NAME = AppIcon;
				ASSETCATALOG_COMPILER_GLOBAL_ACCENT_COLOR_NAME = AccentColor;
				CODE_SIGN_ENTITLEMENTS = "";
				CODE_SIGN_STYLE = Automatic;
				CURRENT_PROJECT_VERSION = 1;
				ENABLE_PREVIEWS = YES;
				ENABLE_USER_SCRIPT_SANDBOXING = NO;
				GENERATE_INFOPLIST_FILE = YES;
				INFOPLIST_KEY_CFBundleDisplayName = CashBault;
				INFOPLIST_KEY_LSApplicationCategoryType = "public.app-category.finance";
				"INFOPLIST_KEY_UIApplicationSceneManifest_Generation[sdk=iphoneos*]" = YES;
				"INFOPLIST_KEY_UIApplicationSceneManifest_Generation[sdk=iphonesimulator*]" = YES;
				"INFOPLIST_KEY_UIApplicationSupportsIndirectInputEvents[sdk=iphoneos*]" = YES;
				"INFOPLIST_KEY_UIApplicationSupportsIndirectInputEvents[sdk=iphonesimulator*]" = YES;
				"INFOPLIST_KEY_UILaunchScreen_Generation[sdk=iphoneos*]" = YES;
				"INFOPLIST_KEY_UILaunchScreen_Generation[sdk=iphonesimulator*]" = YES;
				"INFOPLIST_KEY_UIStatusBarStyle[sdk=iphoneos*]" = UIStatusBarStyleDefault;
				"INFOPLIST_KEY_UIStatusBarStyle[sdk=iphonesimulator*]" = UIStatusBarStyleDefault;
				INFOPLIST_KEY_UISupportedInterfaceOrientations = UIInterfaceOrientationPortrait;
				INFOPLIST_KEY_UISupportedInterfaceOrientations_iPad = "UIInterfaceOrientationLandscapeLeft UIInterfaceOrientationLandscapeRight UIInterfaceOrientationPortrait UIInterfaceOrientationPortraitUpsideDown";
				IPHONEOS_DEPLOYMENT_TARGET = 17.0;
				LD_RUNPATH_SEARCH_PATHS = "@executable_path/Frameworks";
				"LD_RUNPATH_SEARCH_PATHS[sdk=macosx*]" = "@executable_path/../Frameworks";
				MACOSX_DEPLOYMENT_TARGET = 14.2;
				MARKETING_VERSION = 1.0;
				PRODUCT_BUNDLE_IDENTIFIER = manuel.tirado.CashBault;
				PRODUCT_NAME = "$(TARGET_NAME)";
				SDKROOT = auto;
				SUPPORTED_PLATFORMS = "iphoneos iphonesimulator";
				SUPPORTS_MACCATALYST = NO;
				SWIFT_EMIT_LOC_STRINGS = YES;
				SWIFT_VERSION = 5.0;
				TARGETED_DEVICE_FAMILY = "1,2";
			};
			name = Release;
		};
/* End XCBuildConfiguration section */

/* Begin XCConfigurationList section */
		FAB248762BDFF0D700D21514 /* Build configuration list for PBXProject "CashBault" */ = {
			isa = XCConfigurationList;
			buildConfigurations = (
				FAB2489E2BDFF0DD00D21514 /* Debug */,
				FAB2489F2BDFF0DD00D21514 /* Release */,
			);
			defaultConfigurationIsVisible = 0;
			defaultConfigurationName = Release;
		};
		FAB248A02BDFF0DD00D21514 /* Build configuration list for PBXNativeTarget "CashBault" */ = {
			isa = XCConfigurationList;
			buildConfigurations = (
				FAB248A12BDFF0DD00D21514 /* Debug */,
				FAB248A22BDFF0DD00D21514 /* Release */,
			);
			defaultConfigurationIsVisible = 0;
			defaultConfigurationName = Release;
		};
/* End XCConfigurationList section */
	};
	rootObject = FAB248732BDFF0D700D21514 /* Project object */;
}
